{
  "originHash" : "89877790b839afb13b726e406177d00bc7a0f673abe5e1df294a135aa09c5f91",
  "pins" : [
    {
      "identity" : "unify3sdk-apple",
      "kind" : "remoteSourceControl",
      "location" : "https://github.com/KaelusRF/Unify3Sdk-Apple.git",
      "state" : {
        "revision" : "18a536ec774793a682e1a64234766e3c3af5c526",
        "version" : "0.1.5"
      }
    }
  ],
  "version" : 3
}
