{
  "originHash" : "31e490bc34273225b0cfbdad162d0ef06d4d877d7c73e1d9a82ce7e262f2e67e",
  "pins" : [
    {
      "identity" : "unify3sdk-apple",
      "kind" : "remoteSourceControl",
      "location" : "https://github.com/KaelusRF/Unify3Sdk-Apple.git",
      "state" : {
        "revision" : "18a536ec774793a682e1a64234766e3c3af5c526",
        "version" : "0.1.5"
      }
    }
  ],
  "version" : 3
}
