{
  "originHash" : "04a425ad240f921c3382ef9796bcb9d120b35c83a45d939b2c65ce1711b8f4f5",
  "pins" : [
    {
      "identity" : "unify3sdk-apple",
      "kind" : "remoteSourceControl",
      "location" : "https://github.com/KaelusRF/Unify3Sdk-Apple.git",
      "state" : {
        "revision" : "30e5152e03b0b925042cf20294702284c625036c",
        "version" : "0.1.4"
      }
    }
  ],
  "version" : 3
}
