{
  "originHash" : "2e2d618d8dee6cb884a285e29a02c4f11292c184a45b9050dbfe687eff0460a3",
  "pins" : [
    {
      "identity" : "unify3sdk-apple",
      "kind" : "remoteSourceControl",
      "location" : "https://github.com/KaelusRF/Unify3Sdk-Apple.git",
      "state" : {
        "revision" : "72f88d0eb5df6bbbe712d165e270cc5ca19ea790",
        "version" : "0.1.6"
      }
    }
  ],
  "version" : 3
}
